
Microsoft Visual Studio Solution File, Format Version 12.00
# Visual Studio Version 17
VisualStudioVersion = 17.7.34221.43
MinimumVisualStudioVersion = 10.0.40219.1
Project("{FAE04EC0-301F-11D3-BF4B-00C04F79EFBC}") = "Database", "DataAccess\Database.csproj", "{93F970B0-6FB7-4FC8-A554-CDBF3FEC19C4}"
EndProject
Project("{FAE04EC0-301F-11D3-BF4B-00C04F79EFBC}") = "WebPage", "WebPage\WebPage.csproj", "{51015773-CF3A-4AF4-99C7-25ED46EB67CF}"
EndProject
Project("{FAE04EC0-301F-11D3-BF4B-00C04F79EFBC}") = "DTO", "Model\DTO.csproj", "{703DE80D-4298-4699-B278-FDB0DFDBB303}"
EndProject
Global
	GlobalSection(SolutionConfigurationPlatforms) = preSolution
		Debug|Any CPU = Debug|Any CPU
		Release|Any CPU = Release|Any CPU
	EndGlobalSection
	GlobalSection(ProjectConfigurationPlatforms) = postSolution
		{93F970B0-6FB7-4FC8-A554-CDBF3FEC19C4}.Debug|Any CPU.ActiveCfg = Debug|Any CPU
		{93F970B0-6FB7-4FC8-A554-CDBF3FEC19C4}.Debug|Any CPU.Build.0 = Debug|Any CPU
		{93F970B0-6FB7-4FC8-A554-CDBF3FEC19C4}.Release|Any CPU.ActiveCfg = Release|Any CPU
		{93F970B0-6FB7-4FC8-A554-CDBF3FEC19C4}.Release|Any CPU.Build.0 = Release|Any CPU
		{51015773-CF3A-4AF4-99C7-25ED46EB67CF}.Debug|Any CPU.ActiveCfg = Debug|Any CPU
		{51015773-CF3A-4AF4-99C7-25ED46EB67CF}.Debug|Any CPU.Build.0 = Debug|Any CPU
		{51015773-CF3A-4AF4-99C7-25ED46EB67CF}.Release|Any CPU.ActiveCfg = Release|Any CPU
		{51015773-CF3A-4AF4-99C7-25ED46EB67CF}.Release|Any CPU.Build.0 = Release|Any CPU
		{703DE80D-4298-4699-B278-FDB0DFDBB303}.Debug|Any CPU.ActiveCfg = Debug|Any CPU
		{703DE80D-4298-4699-B278-FDB0DFDBB303}.Debug|Any CPU.Build.0 = Debug|Any CPU
		{703DE80D-4298-4699-B278-FDB0DFDBB303}.Release|Any CPU.ActiveCfg = Release|Any CPU
		{703DE80D-4298-4699-B278-FDB0DFDBB303}.Release|Any CPU.Build.0 = Release|Any CPU
	EndGlobalSection
	GlobalSection(SolutionProperties) = preSolution
		HideSolutionNode = FALSE
	EndGlobalSection
	GlobalSection(ExtensibilityGlobals) = postSolution
		SolutionGuid = {D2EE7B38-8F17-4318-9153-AEEF2B0FCB0B}
	EndGlobalSection
EndGlobal
